Microsoft Visual Studio Solution File, Format Version 11.00
# Visual Studio 2008

Project("{7510366E-FE35-66E4-09EC-5BBD3D3B74DC}") = "ADayInTheLife", "Assembly-CSharp-firstpass.csproj", "{ABB3492E-3BFF-85F1-582C-B1863EE4F2B9}"
EndProject
Project("{7510366E-FE35-66E4-09EC-5BBD3D3B74DC}") = "ADayInTheLife", "Assembly-CSharp.csproj", "{FD2024E5-6939-439F-58F3-AF3BB2A4DB3E}"
EndProject
Project("{7510366E-FE35-66E4-09EC-5BBD3D3B74DC}") = "ADayInTheLife", "Assembly-CSharp-Editor.csproj", "{C40E675D-4736-9F66-FA71-635771938EA8}"
EndProject
Project("{7510366E-FE35-66E4-09EC-5BBD3D3B74DC}") = "ADayInTheLife", "Assembly-UnityScript-firstpass.unityproj", "{DDCDECCC-0C40-F3A1-AB09-220869D18056}"
EndProject
Project("{7510366E-FE35-66E4-09EC-5BBD3D3B74DC}") = "ADayInTheLife", "Assembly-UnityScript.unityproj", "{33963D72-5C03-ABB2-5E49-3139995031FF}"
EndProject
Project("{7510366E-FE35-66E4-09EC-5BBD3D3B74DC}") = "ADayInTheLife", "Assembly-UnityScript-Editor.unityproj", "{F0FA1566-0418-0CF2-B970-216D82F7521E}"
EndProject
Global
	GlobalSection(SolutionConfigurationPlatforms) = preSolution
		Debug|Any CPU = Debug|Any CPU
		Release|Any CPU = Release|Any CPU
	EndGlobalSection
	GlobalSection(ProjectConfigurationPlatforms) = postSolution
		{ABB3492E-3BFF-85F1-582C-B1863EE4F2B9}.Debug|Any CPU.ActiveCfg = Debug|Any CPU
		{ABB3492E-3BFF-85F1-582C-B1863EE4F2B9}.Debug|Any CPU.Build.0 = Debug|Any CPU
		{ABB3492E-3BFF-85F1-582C-B1863EE4F2B9}.Release|Any CPU.ActiveCfg = Release|Any CPU
		{ABB3492E-3BFF-85F1-582C-B1863EE4F2B9}.Release|Any CPU.Build.0 = Release|Any CPU
		{FD2024E5-6939-439F-58F3-AF3BB2A4DB3E}.Debug|Any CPU.ActiveCfg = Debug|Any CPU
		{FD2024E5-6939-439F-58F3-AF3BB2A4DB3E}.Debug|Any CPU.Build.0 = Debug|Any CPU
		{FD2024E5-6939-439F-58F3-AF3BB2A4DB3E}.Release|Any CPU.ActiveCfg = Release|Any CPU
		{FD2024E5-6939-439F-58F3-AF3BB2A4DB3E}.Release|Any CPU.Build.0 = Release|Any CPU
		{C40E675D-4736-9F66-FA71-635771938EA8}.Debug|Any CPU.ActiveCfg = Debug|Any CPU
		{C40E675D-4736-9F66-FA71-635771938EA8}.Debug|Any CPU.Build.0 = Debug|Any CPU
		{C40E675D-4736-9F66-FA71-635771938EA8}.Release|Any CPU.ActiveCfg = Release|Any CPU
		{C40E675D-4736-9F66-FA71-635771938EA8}.Release|Any CPU.Build.0 = Release|Any CPU
		{DDCDECCC-0C40-F3A1-AB09-220869D18056}.Debug|Any CPU.ActiveCfg = Debug|Any CPU
		{DDCDECCC-0C40-F3A1-AB09-220869D18056}.Debug|Any CPU.Build.0 = Debug|Any CPU
		{DDCDECCC-0C40-F3A1-AB09-220869D18056}.Release|Any CPU.ActiveCfg = Release|Any CPU
		{DDCDECCC-0C40-F3A1-AB09-220869D18056}.Release|Any CPU.Build.0 = Release|Any CPU
		{33963D72-5C03-ABB2-5E49-3139995031FF}.Debug|Any CPU.ActiveCfg = Debug|Any CPU
		{33963D72-5C03-ABB2-5E49-3139995031FF}.Debug|Any CPU.Build.0 = Debug|Any CPU
		{33963D72-5C03-ABB2-5E49-3139995031FF}.Release|Any CPU.ActiveCfg = Release|Any CPU
		{33963D72-5C03-ABB2-5E49-3139995031FF}.Release|Any CPU.Build.0 = Release|Any CPU
		{F0FA1566-0418-0CF2-B970-216D82F7521E}.Debug|Any CPU.ActiveCfg = Debug|Any CPU
		{F0FA1566-0418-0CF2-B970-216D82F7521E}.Debug|Any CPU.Build.0 = Debug|Any CPU
		{F0FA1566-0418-0CF2-B970-216D82F7521E}.Release|Any CPU.ActiveCfg = Release|Any CPU
		{F0FA1566-0418-0CF2-B970-216D82F7521E}.Release|Any CPU.Build.0 = Release|Any CPU
	EndGlobalSection
	GlobalSection(SolutionProperties) = preSolution
		HideSolutionNode = FALSE
	EndGlobalSection
																																																																																																																																																																																																																																																																																																																																																																																											GlobalSection(MonoDevelopProperties) = preSolution
		StartupItem = Assembly-CSharp.csproj
		Policies = $0
		$0.TextStylePolicy = $1
		$1.inheritsSet = null
		$1.scope = text/x-csharp
		$0.CSharpFormattingPolicy = $2
		$2.inheritsSet = Mono
		$2.inheritsScope = text/x-csharp
		$2.scope = text/x-csharp
		$0.TextStylePolicy = $3
		$3.FileWidth = 120
		$3.TabWidth = 4
		$3.EolMarker = Unix
		$3.inheritsSet = Mono
		$3.inheritsScope = text/plain
		$3.scope = text/plain
	EndGlobalSection
																																																																																																GlobalSection(MonoDevelopProperties) = preSolution
		StartupItem = Assembly-CSharp.csproj
		Policies = $0
		$0.TextStylePolicy = $1
		$1.inheritsSet = null
		$1.scope = text/x-csharp
		$0.CSharpFormattingPolicy = $2
		$2.inheritsSet = Mono
		$2.inheritsScope = text/x-csharp
		$2.scope = text/x-csharp
		$0.TextStylePolicy = $3
		$3.FileWidth = 120
		$3.TabWidth = 4
		$3.EolMarker = Unix
		$3.inheritsSet = Mono
		$3.inheritsScope = text/plain
		$3.scope = text/plain
	EndGlobalSection

EndGlobal
